
Microsoft Visual Studio Solution File, Format Version 10.00
# Visual Studio 2008
Project("{FAE04EC0-301F-11D3-BF4B-00C04F79EFBC}") = "ClickOncePublishTest", "ClickOncePublishTest\ClickOncePublishTest.csproj", "{721A7592-C1D4-4B7B-8F86-E9A779C1C1CF}"
EndProject
Global
	GlobalSection(SolutionConfigurationPlatforms) = preSolution
		Debug|Any CPU = Debug|Any CPU
		Release|Any CPU = Release|Any CPU
	EndGlobalSection
	GlobalSection(ProjectConfigurationPlatforms) = postSolution
		{721A7592-C1D4-4B7B-8F86-E9A779C1C1CF}.Debug|Any CPU.ActiveCfg = Debug|Any CPU
		{721A7592-C1D4-4B7B-8F86-E9A779C1C1CF}.Debug|Any CPU.Build.0 = Debug|Any CPU
		{721A7592-C1D4-4B7B-8F86-E9A779C1C1CF}.Release|Any CPU.ActiveCfg = Release|Any CPU
		{721A7592-C1D4-4B7B-8F86-E9A779C1C1CF}.Release|Any CPU.Build.0 = Release|Any CPU
	EndGlobalSection
	GlobalSection(SolutionProperties) = preSolution
		HideSolutionNode = FALSE
	EndGlobalSection
EndGlobal
