
Microsoft Visual Studio Solution File, Format Version 10.00
# Visual Studio 2008
Project("{FAE04EC0-301F-11D3-BF4B-00C04F79EFBC}") = "AutoLike", "AutoLike\AutoLike.csproj", "{ACBB8505-6EC1-477F-B81E-11B58DE19B69}"
EndProject
Global
	GlobalSection(SubversionScc) = preSolution
		Svn-Managed = True
		Manager = AnkhSVN - Subversion Support for Visual Studio
	EndGlobalSection
	GlobalSection(SolutionConfigurationPlatforms) = preSolution
		Debug|Any CPU = Debug|Any CPU
		Release|Any CPU = Release|Any CPU
	EndGlobalSection
	GlobalSection(ProjectConfigurationPlatforms) = postSolution
		{ACBB8505-6EC1-477F-B81E-11B58DE19B69}.Debug|Any CPU.ActiveCfg = Debug|Any CPU
		{ACBB8505-6EC1-477F-B81E-11B58DE19B69}.Debug|Any CPU.Build.0 = Debug|Any CPU
		{ACBB8505-6EC1-477F-B81E-11B58DE19B69}.Release|Any CPU.ActiveCfg = Release|Any CPU
		{ACBB8505-6EC1-477F-B81E-11B58DE19B69}.Release|Any CPU.Build.0 = Release|Any CPU
	EndGlobalSection
	GlobalSection(SolutionProperties) = preSolution
		HideSolutionNode = FALSE
	EndGlobalSection
EndGlobal
